
Microsoft Visual Studio Solution File, Format Version 12.00
# Visual Studio Version 16
VisualStudioVersion = 16.0.28803.352
MinimumVisualStudioVersion = 10.0.40219.1
Project("{FAE04EC0-301F-11D3-BF4B-00C04F79EFBC}") = "CodewarsTaksk", "CodewarsTaksk\CodewarsTaksk.csproj", "{386E9161-E178-47C7-9E13-3DCB5C3A2B6E}"
EndProject
Global
	GlobalSection(SolutionConfigurationPlatforms) = preSolution
		Debug|Any CPU = Debug|Any CPU
		Release|Any CPU = Release|Any CPU
	EndGlobalSection
	GlobalSection(ProjectConfigurationPlatforms) = postSolution
		{386E9161-E178-47C7-9E13-3DCB5C3A2B6E}.Debug|Any CPU.ActiveCfg = Debug|Any CPU
		{386E9161-E178-47C7-9E13-3DCB5C3A2B6E}.Debug|Any CPU.Build.0 = Debug|Any CPU
		{386E9161-E178-47C7-9E13-3DCB5C3A2B6E}.Release|Any CPU.ActiveCfg = Release|Any CPU
		{386E9161-E178-47C7-9E13-3DCB5C3A2B6E}.Release|Any CPU.Build.0 = Release|Any CPU
	EndGlobalSection
	GlobalSection(SolutionProperties) = preSolution
		HideSolutionNode = FALSE
	EndGlobalSection
	GlobalSection(ExtensibilityGlobals) = postSolution
		SolutionGuid = {2C8457E3-62A4-48E2-AA78-D2410BCFD991}
	EndGlobalSection
EndGlobal
